// !$*UTF8*$!
{
	archiveVersion = 1;
	classes = {
	};
	objectVersion = 46;
	objects = {

/* Begin PBXBuildFile section */
		423962251E3884A50080924A /* AppDelegate.swift in Sources */ = {isa = PBXBuildFile; fileRef = 423962241E3884A50080924A /* AppDelegate.swift */; };
		423962271E3884A50080924A /* ViewController.swift in Sources */ = {isa = PBXBuildFile; fileRef = 423962261E3884A50080924A /* ViewController.swift */; };
		4239622A1E3884A50080924A /* Main.storyboard in Resources */ = {isa = PBXBuildFile; fileRef = 423962281E3884A50080924A /* Main.storyboard */; };
		4239622C1E3884A50080924A /* Assets.xcassets in Resources */ = {isa = PBXBuildFile; fileRef = 4239622B1E3884A50080924A /* Assets.xcassets */; };
		4239622F1E3884A50080924A /* LaunchScreen.storyboard in Resources */ = {isa = PBXBuildFile; fileRef = 4239622D1E3884A50080924A /* LaunchScreen.storyboard */; };
/* End PBXBuildFile section */

/* Begin PBXFileReference section */
		423962211E3884A50080924A /* P1_Storm Viewer.app */ = {isa = PBXFileReference; explicitFileType = wrapper.application; includeInIndex = 0; path = "P1_Storm Viewer.app"; sourceTree = BUILT_PRODUCTS_DIR; };
		423962241E3884A50080924A /* AppDelegate.swift */ = {isa = PBXFileReference; lastKnownFileType = sourcecode.swift; path = AppDelegate.swift; sourceTree = "<group>"; };
		423962261E3884A50080924A /* ViewController.swift */ = {isa = PBXFileReference; lastKnownFileType = sourcecode.swift; path = ViewController.swift; sourceTree = "<group>"; };
		423962291E3884A50080924A /* Base */ = {isa = PBXFileReference; lastKnownFileType = file.storyboard; name = Base; path = Base.lproj/Main.storyboard; sourceTree = "<group>"; };
		4239622B1E3884A50080924A /* Assets.xcassets */ = {isa = PBXFileReference; lastKnownFileType = folder.assetcatalog; path = Assets.xcassets; sourceTree = "<group>"; };
		4239622E1E3884A50080924A /* Base */ = {isa = PBXFileReference; lastKnownFileType = file.storyboard; name = Base; path = Base.lproj/LaunchScreen.storyboard; sourceTree = "<group>"; };
		423962301E3884A50080924A /* Info.plist */ = {isa = PBXFileReference; lastKnownFileType = text.plist.xml; path = Info.plist; sourceTree = "<group>"; };
/* End PBXFileReference section */

/* Begin PBXFrameworksBuildPhase section */
		4239621E1E3884A50080924A /* Frameworks */ = {
			isa = PBXFrameworksBuildPhase;
			buildActionMask = 2147483647;
			files = (
			);
			runOnlyForDeploymentPostprocessing = 0;
		};
/* End PBXFrameworksBuildPhase section */

/* Begin PBXGroup section */
		423962181E3884A50080924A = {
			isa = PBXGroup;
			children = (
				423962231E3884A50080924A /* P1_Storm Viewer */,
				423962221E3884A50080924A /* Products */,
			);
			sourceTree = "<group>";
		};
		423962221E3884A50080924A /* Products */ = {
			isa = PBXGroup;
			children = (
				423962211E3884A50080924A /* P1_Storm Viewer.app */,
			);
			name = Products;
			sourceTree = "<group>";
		};
		423962231E3884A50080924A /* P1_Storm Viewer */ = {
			isa = PBXGroup;
			children = (
				423962241E3884A50080924A /* AppDelegate.swift */,
				423962261E3884A50080924A /* ViewController.swift */,
				423962281E3884A50080924A /* Main.storyboard */,
				4239622B1E3884A50080924A /* Assets.xcassets */,
				4239622D1E3884A50080924A /* LaunchScreen.storyboard */,
				423962301E3884A50080924A /* Info.plist */,
			);
			path = "P1_Storm Viewer";
			sourceTree = "<group>";
		};
/* End PBXGroup section */

/* Begin PBXNativeTarget section */
		423962201E3884A50080924A /* P1_Storm Viewer */ = {
			isa = PBXNativeTarget;
			buildConfigurationList = 423962331E3884A50080924A /* Build configuration list for PBXNativeTarget "P1_Storm Viewer" */;
			buildPhases = (
				4239621D1E3884A50080924A /* Sources */,
				4239621E1E3884A50080924A /* Frameworks */,
				4239621F1E3884A50080924A /* Resources */,
			);
			buildRules = (
			);
			dependencies = (
			);
			name = "P1_Storm Viewer";
			productName = "P1_Storm Viewer";
			productReference = 423962211E3884A50080924A /* P1_Storm Viewer.app */;
			productType = "com.apple.product-type.application";
		};
/* End PBXNativeTarget section */

/* Begin PBXProject section */
		423962191E3884A50080924A /* Project object */ = {
			isa = PBXProject;
			attributes = {
				LastSwiftUpdateCheck = 0820;
				LastUpgradeCheck = 0820;
				ORGANIZATIONNAME = "Igor Zhukov";
				TargetAttributes = {
					423962201E3884A50080924A = {
						CreatedOnToolsVersion = 8.2.1;
						ProvisioningStyle = Automatic;
					};
				};
			};
			buildConfigurationList = 4239621C1E3884A50080924A /* Build configuration list for PBXProject "P1_Storm Viewer" */;
			compatibilityVersion = "Xcode 3.2";
			developmentRegion = English;
			hasScannedForEncodings = 0;
			knownRegions = (
				en,
				Base,
			);
			mainGroup = 423962181E3884A50080924A;
			productRefGroup = 423962221E3884A50080924A /* Products */;
			projectDirPath = "";
			projectRoot = "";
			targets = (
				423962201E3884A50080924A /* P1_Storm Viewer */,
			);
		};
/* End PBXProject section */

/* Begin PBXResourcesBuildPhase section */
		4239621F1E3884A50080924A /* Resources */ = {
			isa = PBXResourcesBuildPhase;
			buildActionMask = 2147483647;
			files = (
				4239622F1E3884A50080924A /* LaunchScreen.storyboard in Resources */,
				4239622C1E3884A50080924A /* Assets.xcassets in Resources */,
				4239622A1E3884A50080924A /* Main.storyboard in Resources */,
			);
			runOnlyForDeploymentPostprocessing = 0;
		};
/* End PBXResourcesBuildPhase section */

/* Begin PBXSourcesBuildPhase section */
		4239621D1E3884A50080924A /* Sources */ = {
			isa = PBXSourcesBuildPhase;
			buildActionMask = 2147483647;
			files = (
				423962271E3884A50080924A /* ViewController.swift in Sources */,
				423962251E3884A50080924A /* AppDelegate.swift in Sources */,
			);
			runOnlyForDeploymentPostprocessing = 0;
		};
/* End PBXSourcesBuildPhase section */

/* Begin PBXVariantGroup section */
		423962281E3884A50080924A /* Main.storyboard */ = {
			isa = PBXVariantGroup;
			children = (
				423962291E3884A50080924A /* Base */,
			);
			name = Main.storyboard;
			sourceTree = "<group>";
		};
		4239622D1E3884A50080924A /* LaunchScreen.storyboard */ = {
			isa = PBXVariantGroup;
			children = (
				4239622E1E3884A50080924A /* Base */,
			);
			name = LaunchScreen.storyboard;
			sourceTree = "<group>";
		};
/* End PBXVariantGroup section */

/* Begin XCBuildConfiguration section */
		423962311E3884A50080924A /* Debug */ = {
			isa = XCBuildConfiguration;
			buildSettings = {
				ALWAYS_SEARCH_USER_PATHS = NO;
				CLANG_ANALYZER_NONNULL = YES;
				CLANG_CXX_LANGUAGE_STANDARD = "gnu++0x";
				CLANG_CXX_LIBRARY = "libc++";
				CLANG_ENABLE_MODULES = YES;
				CLANG_ENABLE_OBJC_ARC = YES;
				CLANG_WARN_BOOL_CONVERSION = YES;
				CLANG_WARN_CONSTANT_CONVERSION = YES;
				CLANG_WARN_DIRECT_OBJC_ISA_USAGE = YES_ERROR;
				CLANG_WARN_DOCUMENTATION_COMMENTS = YES;
				CLANG_WARN_EMPTY_BODY = YES;
				CLANG_WARN_ENUM_CONVERSION = YES;
				CLANG_WARN_INFINITE_RECURSION = YES;
				CLANG_WARN_INT_CONVERSION = YES;
				CLANG_WARN_OBJC_ROOT_CLASS = YES_ERROR;
				CLANG_WARN_SUSPICIOUS_MOVE = YES;
				CLANG_WARN_UNREACHABLE_CODE = YES;
				CLANG_WARN__DUPLICATE_METHOD_MATCH = YES;
				"CODE_SIGN_IDENTITY[sdk=iphoneos*]" = "iPhone Developer";
				COPY_PHASE_STRIP = NO;
				DEBUG_INFORMATION_FORMAT = dwarf;
				ENABLE_STRICT_OBJC_MSGSEND = YES;
				ENABLE_TESTABILITY = YES;
				GCC_C_LANGUAGE_STANDARD = gnu99;
				GCC_DYNAMIC_NO_PIC = NO;
				GCC_NO_COMMON_BLOCKS = YES;
				GCC_OPTIMIZATION_LEVEL = 0;
				GCC_PREPROCESSOR_DEFINITIONS = (
					"DEBUG=1",
					"$(inherited)",
				);
				GCC_WARN_64_TO_32_BIT_CONVERSION = YES;
				GCC_WARN_ABOUT_RETURN_TYPE = YES_ERROR;
				GCC_WARN_UNDECLARED_SELECTOR = YES;
				GCC_WARN_UNINITIALIZED_AUTOS = YES_AGGRESSIVE;
				GCC_WARN_UNUSED_FUNCTION = YES;
				GCC_WARN_UNUSED_VARIABLE = YES;
				IPHONEOS_DEPLOYMENT_TARGET = 10.2;
				MTL_ENABLE_DEBUG_INFO = YES;
				ONLY_ACTIVE_ARCH = YES;
				SDKROOT = iphoneos;
				SWIFT_ACTIVE_COMPILATION_CONDITIONS = DEBUG;
				SWIFT_OPTIMIZATION_LEVEL = "-Onone";
			};
			name = Debug;
		};
		423962321E3884A50080924A /* Release */ = {
			isa = XCBuildConfiguration;
			buildSettings = {
				ALWAYS_SEARCH_USER_PATHS = NO;
				CLANG_ANALYZER_NONNULL = YES;
				CLANG_CXX_LANGUAGE_STANDARD = "gnu++0x";
				CLANG_CXX_LIBRARY = "libc++";
				CLANG_ENABLE_MODULES = YES;
				CLANG_ENABLE_OBJC_ARC = YES;
				CLANG_WARN_BOOL_CONVERSION = YES;
				CLANG_WARN_CONSTANT_CONVERSION = YES;
				CLANG_WARN_DIRECT_OBJC_ISA_USAGE = YES_ERROR;
				CLANG_WARN_DOCUMENTATION_COMMENTS = YES;
				CLANG_WARN_EMPTY_BODY = YES;
				CLANG_WARN_ENUM_CONVERSION = YES;
				CLANG_WARN_INFINITE_RECURSION = YES;
				CLANG_WARN_INT_CONVERSION = YES;
				CLANG_WARN_OBJC_ROOT_CLASS = YES_ERROR;
				CLANG_WARN_SUSPICIOUS_MOVE = YES;
				CLANG_WARN_UNREACHABLE_CODE = YES;
				CLANG_WARN__DUPLICATE_METHOD_MATCH = YES;
				"CODE_SIGN_IDENTITY[sdk=iphoneos*]" = "iPhone Developer";
				COPY_PHASE_STRIP = NO;
				DEBUG_INFORMATION_FORMAT = "dwarf-with-dsym";
				ENABLE_NS_ASSERTIONS = NO;
				ENABLE_STRICT_OBJC_MSGSEND = YES;
				GCC_C_LANGUAGE_STANDARD = gnu99;
				GCC_NO_COMMON_BLOCKS = YES;
				GCC_WARN_64_TO_32_BIT_CONVERSION = YES;
				GCC_WARN_ABOUT_RETURN_TYPE = YES_ERROR;
				GCC_WARN_UNDECLARED_SELECTOR = YES;
				GCC_WARN_UNINITIALIZED_AUTOS = YES_AGGRESSIVE;
				GCC_WARN_UNUSED_FUNCTION = YES;
				GCC_WARN_UNUSED_VARIABLE = YES;
				IPHONEOS_DEPLOYMENT_TARGET = 10.2;
				MTL_ENABLE_DEBUG_INFO = NO;
				SDKROOT = iphoneos;
				SWIFT_OPTIMIZATION_LEVEL = "-Owholemodule";
				VALIDATE_PRODUCT = YES;
			};
			name = Release;
		};
		423962341E3884A50080924A /* Debug */ = {
			isa = XCBuildConfiguration;
			buildSettings = {
				ASSETCATALOG_COMPILER_APPICON_NAME = AppIcon;
				INFOPLIST_FILE = "P1_Storm Viewer/Info.plist";
				LD_RUNPATH_SEARCH_PATHS = "$(inherited) @executable_path/Frameworks";
				PRODUCT_BUNDLE_IDENTIFIER = "com.zhukov.P1-Storm-Viewer";
				PRODUCT_NAME = "$(TARGET_NAME)";
				SWIFT_VERSION = 3.0;
			};
			name = Debug;
		};
		423962351E3884A50080924A /* Release */ = {
			isa = XCBuildConfiguration;
			buildSettings = {
				ASSETCATALOG_COMPILER_APPICON_NAME = AppIcon;
				INFOPLIST_FILE = "P1_Storm Viewer/Info.plist";
				LD_RUNPATH_SEARCH_PATHS = "$(inherited) @executable_path/Frameworks";
				PRODUCT_BUNDLE_IDENTIFIER = "com.zhukov.P1-Storm-Viewer";
				PRODUCT_NAME = "$(TARGET_NAME)";
				SWIFT_VERSION = 3.0;
			};
			name = Release;
		};
/* End XCBuildConfiguration section */

/* Begin XCConfigurationList section */
		4239621C1E3884A50080924A /* Build configuration list for PBXProject "P1_Storm Viewer" */ = {
			isa = XCConfigurationList;
			buildConfigurations = (
				423962311E3884A50080924A /* Debug */,
				423962321E3884A50080924A /* Release */,
			);
			defaultConfigurationIsVisible = 0;
			defaultConfigurationName = Release;
		};
		423962331E3884A50080924A /* Build configuration list for PBXNativeTarget "P1_Storm Viewer" */ = {
			isa = XCConfigurationList;
			buildConfigurations = (
				423962341E3884A50080924A /* Debug */,
				423962351E3884A50080924A /* Release */,
			);
			defaultConfigurationIsVisible = 0;
		};
/* End XCConfigurationList section */
	};
	rootObject = 423962191E3884A50080924A /* Project object */;
}
